
Microsoft Visual Studio Solution File, Format Version 12.00
# Visual Studio 15
Project("{FAE04EC0-301F-11D3-BF4B-00C04F79EFBC}") = "People.Android", "People.Android\People.Android.csproj", "{D4B39097-D0C7-46AD-A2D5-01CFA4C50557}"
EndProject
Project("{FAE04EC0-301F-11D3-BF4B-00C04F79EFBC}") = "People.iOS", "People.iOS\People.iOS.csproj", "{FDD34A58-B59C-474A-9EFE-ABB75EA9E504}"
EndProject
Project("{FAE04EC0-301F-11D3-BF4B-00C04F79EFBC}") = "People", "People\People.csproj", "{933DE0A6-4EF0-4B21-8AEC-4790035F7A9E}"
EndProject
Global
	GlobalSection(SolutionConfigurationPlatforms) = preSolution
		Debug|Any CPU = Debug|Any CPU
		Release|Any CPU = Release|Any CPU
		Debug|iPhoneSimulator = Debug|iPhoneSimulator
		Release|iPhoneSimulator = Release|iPhoneSimulator
		Debug|iPhone = Debug|iPhone
		Release|iPhone = Release|iPhone
		Ad-Hoc|iPhone = Ad-Hoc|iPhone
		AppStore|iPhone = AppStore|iPhone
	EndGlobalSection
	GlobalSection(ProjectConfigurationPlatforms) = postSolution
		{D4B39097-D0C7-46AD-A2D5-01CFA4C50557}.Debug|Any CPU.ActiveCfg = Debug|Any CPU
		{D4B39097-D0C7-46AD-A2D5-01CFA4C50557}.Debug|Any CPU.Build.0 = Debug|Any CPU
		{D4B39097-D0C7-46AD-A2D5-01CFA4C50557}.Release|Any CPU.ActiveCfg = Release|Any CPU
		{D4B39097-D0C7-46AD-A2D5-01CFA4C50557}.Release|Any CPU.Build.0 = Release|Any CPU
		{D4B39097-D0C7-46AD-A2D5-01CFA4C50557}.Debug|iPhoneSimulator.ActiveCfg = Debug|Any CPU
		{D4B39097-D0C7-46AD-A2D5-01CFA4C50557}.Debug|iPhoneSimulator.Build.0 = Debug|Any CPU
		{D4B39097-D0C7-46AD-A2D5-01CFA4C50557}.Release|iPhoneSimulator.ActiveCfg = Release|Any CPU
		{D4B39097-D0C7-46AD-A2D5-01CFA4C50557}.Release|iPhoneSimulator.Build.0 = Release|Any CPU
		{D4B39097-D0C7-46AD-A2D5-01CFA4C50557}.Debug|iPhone.ActiveCfg = Debug|Any CPU
		{D4B39097-D0C7-46AD-A2D5-01CFA4C50557}.Debug|iPhone.Build.0 = Debug|Any CPU
		{D4B39097-D0C7-46AD-A2D5-01CFA4C50557}.Release|iPhone.ActiveCfg = Release|Any CPU
		{D4B39097-D0C7-46AD-A2D5-01CFA4C50557}.Release|iPhone.Build.0 = Release|Any CPU
		{D4B39097-D0C7-46AD-A2D5-01CFA4C50557}.Ad-Hoc|iPhone.ActiveCfg = Debug|Any CPU
		{D4B39097-D0C7-46AD-A2D5-01CFA4C50557}.Ad-Hoc|iPhone.Build.0 = Debug|Any CPU
		{D4B39097-D0C7-46AD-A2D5-01CFA4C50557}.AppStore|iPhone.ActiveCfg = Debug|Any CPU
		{D4B39097-D0C7-46AD-A2D5-01CFA4C50557}.AppStore|iPhone.Build.0 = Debug|Any CPU
		{FDD34A58-B59C-474A-9EFE-ABB75EA9E504}.Debug|Any CPU.ActiveCfg = Debug|iPhoneSimulator
		{FDD34A58-B59C-474A-9EFE-ABB75EA9E504}.Debug|Any CPU.Build.0 = Debug|iPhoneSimulator
		{FDD34A58-B59C-474A-9EFE-ABB75EA9E504}.Release|Any CPU.ActiveCfg = Release|iPhoneSimulator
		{FDD34A58-B59C-474A-9EFE-ABB75EA9E504}.Release|Any CPU.Build.0 = Release|iPhoneSimulator
		{FDD34A58-B59C-474A-9EFE-ABB75EA9E504}.Debug|iPhoneSimulator.ActiveCfg = Debug|iPhoneSimulator
		{FDD34A58-B59C-474A-9EFE-ABB75EA9E504}.Debug|iPhoneSimulator.Build.0 = Debug|iPhoneSimulator
		{FDD34A58-B59C-474A-9EFE-ABB75EA9E504}.Release|iPhoneSimulator.ActiveCfg = Release|iPhoneSimulator
		{FDD34A58-B59C-474A-9EFE-ABB75EA9E504}.Release|iPhoneSimulator.Build.0 = Release|iPhoneSimulator
		{FDD34A58-B59C-474A-9EFE-ABB75EA9E504}.Debug|iPhone.ActiveCfg = Debug|iPhone
		{FDD34A58-B59C-474A-9EFE-ABB75EA9E504}.Debug|iPhone.Build.0 = Debug|iPhone
		{FDD34A58-B59C-474A-9EFE-ABB75EA9E504}.Release|iPhone.ActiveCfg = Release|iPhone
		{FDD34A58-B59C-474A-9EFE-ABB75EA9E504}.Release|iPhone.Build.0 = Release|iPhone
		{FDD34A58-B59C-474A-9EFE-ABB75EA9E504}.Ad-Hoc|iPhone.ActiveCfg = Ad-Hoc|iPhone
		{FDD34A58-B59C-474A-9EFE-ABB75EA9E504}.Ad-Hoc|iPhone.Build.0 = Ad-Hoc|iPhone
		{FDD34A58-B59C-474A-9EFE-ABB75EA9E504}.AppStore|iPhone.ActiveCfg = AppStore|iPhone
		{FDD34A58-B59C-474A-9EFE-ABB75EA9E504}.AppStore|iPhone.Build.0 = AppStore|iPhone
		{933DE0A6-4EF0-4B21-8AEC-4790035F7A9E}.Debug|Any CPU.ActiveCfg = Debug|Any CPU
		{933DE0A6-4EF0-4B21-8AEC-4790035F7A9E}.Debug|Any CPU.Build.0 = Debug|Any CPU
		{933DE0A6-4EF0-4B21-8AEC-4790035F7A9E}.Release|Any CPU.ActiveCfg = Release|Any CPU
		{933DE0A6-4EF0-4B21-8AEC-4790035F7A9E}.Release|Any CPU.Build.0 = Release|Any CPU
		{933DE0A6-4EF0-4B21-8AEC-4790035F7A9E}.Debug|iPhoneSimulator.ActiveCfg = Debug|Any CPU
		{933DE0A6-4EF0-4B21-8AEC-4790035F7A9E}.Debug|iPhoneSimulator.Build.0 = Debug|Any CPU
		{933DE0A6-4EF0-4B21-8AEC-4790035F7A9E}.Release|iPhoneSimulator.ActiveCfg = Release|Any CPU
		{933DE0A6-4EF0-4B21-8AEC-4790035F7A9E}.Release|iPhoneSimulator.Build.0 = Release|Any CPU
		{933DE0A6-4EF0-4B21-8AEC-4790035F7A9E}.Debug|iPhone.ActiveCfg = Debug|Any CPU
		{933DE0A6-4EF0-4B21-8AEC-4790035F7A9E}.Debug|iPhone.Build.0 = Debug|Any CPU
		{933DE0A6-4EF0-4B21-8AEC-4790035F7A9E}.Release|iPhone.ActiveCfg = Release|Any CPU
		{933DE0A6-4EF0-4B21-8AEC-4790035F7A9E}.Release|iPhone.Build.0 = Release|Any CPU
		{933DE0A6-4EF0-4B21-8AEC-4790035F7A9E}.Ad-Hoc|iPhone.ActiveCfg = Debug|Any CPU
		{933DE0A6-4EF0-4B21-8AEC-4790035F7A9E}.Ad-Hoc|iPhone.Build.0 = Debug|Any CPU
		{933DE0A6-4EF0-4B21-8AEC-4790035F7A9E}.AppStore|iPhone.ActiveCfg = Debug|Any CPU
		{933DE0A6-4EF0-4B21-8AEC-4790035F7A9E}.AppStore|iPhone.Build.0 = Debug|Any CPU
	EndGlobalSection
EndGlobal
