
Microsoft Visual Studio Solution File, Format Version 12.00
# Visual Studio 15
Project("{FAE04EC0-301F-11D3-BF4B-00C04F79EFBC}") = "Calculator.Android", "Calculator.Android\Calculator.Android.csproj", "{6E93B037-AFB0-4CA9-9E6D-613DD18685EB}"
EndProject
Project("{FAE04EC0-301F-11D3-BF4B-00C04F79EFBC}") = "Calculator.iOS", "Calculator.iOS\Calculator.iOS.csproj", "{AF0919A6-B060-46BC-879B-C57D97292A61}"
EndProject
Project("{FAE04EC0-301F-11D3-BF4B-00C04F79EFBC}") = "Calculator", "Calculator\Calculator.csproj", "{76BEEE16-3472-49DD-8177-B9E82F9952B8}"
EndProject
Global
	GlobalSection(SolutionConfigurationPlatforms) = preSolution
		Debug|Any CPU = Debug|Any CPU
		Release|Any CPU = Release|Any CPU
		Debug|iPhoneSimulator = Debug|iPhoneSimulator
		Release|iPhoneSimulator = Release|iPhoneSimulator
		Debug|iPhone = Debug|iPhone
		Release|iPhone = Release|iPhone
		Ad-Hoc|iPhone = Ad-Hoc|iPhone
		AppStore|iPhone = AppStore|iPhone
	EndGlobalSection
	GlobalSection(ProjectConfigurationPlatforms) = postSolution
		{6E93B037-AFB0-4CA9-9E6D-613DD18685EB}.Debug|Any CPU.ActiveCfg = Debug|Any CPU
		{6E93B037-AFB0-4CA9-9E6D-613DD18685EB}.Debug|Any CPU.Build.0 = Debug|Any CPU
		{6E93B037-AFB0-4CA9-9E6D-613DD18685EB}.Release|Any CPU.ActiveCfg = Release|Any CPU
		{6E93B037-AFB0-4CA9-9E6D-613DD18685EB}.Release|Any CPU.Build.0 = Release|Any CPU
		{6E93B037-AFB0-4CA9-9E6D-613DD18685EB}.Debug|iPhoneSimulator.ActiveCfg = Debug|Any CPU
		{6E93B037-AFB0-4CA9-9E6D-613DD18685EB}.Debug|iPhoneSimulator.Build.0 = Debug|Any CPU
		{6E93B037-AFB0-4CA9-9E6D-613DD18685EB}.Release|iPhoneSimulator.ActiveCfg = Release|Any CPU
		{6E93B037-AFB0-4CA9-9E6D-613DD18685EB}.Release|iPhoneSimulator.Build.0 = Release|Any CPU
		{6E93B037-AFB0-4CA9-9E6D-613DD18685EB}.Debug|iPhone.ActiveCfg = Debug|Any CPU
		{6E93B037-AFB0-4CA9-9E6D-613DD18685EB}.Debug|iPhone.Build.0 = Debug|Any CPU
		{6E93B037-AFB0-4CA9-9E6D-613DD18685EB}.Release|iPhone.ActiveCfg = Release|Any CPU
		{6E93B037-AFB0-4CA9-9E6D-613DD18685EB}.Release|iPhone.Build.0 = Release|Any CPU
		{6E93B037-AFB0-4CA9-9E6D-613DD18685EB}.Ad-Hoc|iPhone.ActiveCfg = Debug|Any CPU
		{6E93B037-AFB0-4CA9-9E6D-613DD18685EB}.Ad-Hoc|iPhone.Build.0 = Debug|Any CPU
		{6E93B037-AFB0-4CA9-9E6D-613DD18685EB}.AppStore|iPhone.ActiveCfg = Debug|Any CPU
		{6E93B037-AFB0-4CA9-9E6D-613DD18685EB}.AppStore|iPhone.Build.0 = Debug|Any CPU
		{AF0919A6-B060-46BC-879B-C57D97292A61}.Debug|Any CPU.ActiveCfg = Debug|iPhoneSimulator
		{AF0919A6-B060-46BC-879B-C57D97292A61}.Debug|Any CPU.Build.0 = Debug|iPhoneSimulator
		{AF0919A6-B060-46BC-879B-C57D97292A61}.Release|Any CPU.ActiveCfg = Release|iPhoneSimulator
		{AF0919A6-B060-46BC-879B-C57D97292A61}.Release|Any CPU.Build.0 = Release|iPhoneSimulator
		{AF0919A6-B060-46BC-879B-C57D97292A61}.Debug|iPhoneSimulator.ActiveCfg = Debug|iPhoneSimulator
		{AF0919A6-B060-46BC-879B-C57D97292A61}.Debug|iPhoneSimulator.Build.0 = Debug|iPhoneSimulator
		{AF0919A6-B060-46BC-879B-C57D97292A61}.Release|iPhoneSimulator.ActiveCfg = Release|iPhoneSimulator
		{AF0919A6-B060-46BC-879B-C57D97292A61}.Release|iPhoneSimulator.Build.0 = Release|iPhoneSimulator
		{AF0919A6-B060-46BC-879B-C57D97292A61}.Debug|iPhone.ActiveCfg = Debug|iPhone
		{AF0919A6-B060-46BC-879B-C57D97292A61}.Debug|iPhone.Build.0 = Debug|iPhone
		{AF0919A6-B060-46BC-879B-C57D97292A61}.Release|iPhone.ActiveCfg = Release|iPhone
		{AF0919A6-B060-46BC-879B-C57D97292A61}.Release|iPhone.Build.0 = Release|iPhone
		{AF0919A6-B060-46BC-879B-C57D97292A61}.Ad-Hoc|iPhone.ActiveCfg = Ad-Hoc|iPhone
		{AF0919A6-B060-46BC-879B-C57D97292A61}.Ad-Hoc|iPhone.Build.0 = Ad-Hoc|iPhone
		{AF0919A6-B060-46BC-879B-C57D97292A61}.AppStore|iPhone.ActiveCfg = AppStore|iPhone
		{AF0919A6-B060-46BC-879B-C57D97292A61}.AppStore|iPhone.Build.0 = AppStore|iPhone
		{76BEEE16-3472-49DD-8177-B9E82F9952B8}.Debug|Any CPU.ActiveCfg = Debug|Any CPU
		{76BEEE16-3472-49DD-8177-B9E82F9952B8}.Debug|Any CPU.Build.0 = Debug|Any CPU
		{76BEEE16-3472-49DD-8177-B9E82F9952B8}.Release|Any CPU.ActiveCfg = Release|Any CPU
		{76BEEE16-3472-49DD-8177-B9E82F9952B8}.Release|Any CPU.Build.0 = Release|Any CPU
		{76BEEE16-3472-49DD-8177-B9E82F9952B8}.Debug|iPhoneSimulator.ActiveCfg = Debug|Any CPU
		{76BEEE16-3472-49DD-8177-B9E82F9952B8}.Debug|iPhoneSimulator.Build.0 = Debug|Any CPU
		{76BEEE16-3472-49DD-8177-B9E82F9952B8}.Release|iPhoneSimulator.ActiveCfg = Release|Any CPU
		{76BEEE16-3472-49DD-8177-B9E82F9952B8}.Release|iPhoneSimulator.Build.0 = Release|Any CPU
		{76BEEE16-3472-49DD-8177-B9E82F9952B8}.Debug|iPhone.ActiveCfg = Debug|Any CPU
		{76BEEE16-3472-49DD-8177-B9E82F9952B8}.Debug|iPhone.Build.0 = Debug|Any CPU
		{76BEEE16-3472-49DD-8177-B9E82F9952B8}.Release|iPhone.ActiveCfg = Release|Any CPU
		{76BEEE16-3472-49DD-8177-B9E82F9952B8}.Release|iPhone.Build.0 = Release|Any CPU
		{76BEEE16-3472-49DD-8177-B9E82F9952B8}.Ad-Hoc|iPhone.ActiveCfg = Debug|Any CPU
		{76BEEE16-3472-49DD-8177-B9E82F9952B8}.Ad-Hoc|iPhone.Build.0 = Debug|Any CPU
		{76BEEE16-3472-49DD-8177-B9E82F9952B8}.AppStore|iPhone.ActiveCfg = Debug|Any CPU
		{76BEEE16-3472-49DD-8177-B9E82F9952B8}.AppStore|iPhone.Build.0 = Debug|Any CPU
	EndGlobalSection
EndGlobal
