
Microsoft Visual Studio Solution File, Format Version 12.00
# Visual Studio 15
Project("{FAE04EC0-301F-11D3-BF4B-00C04F79EFBC}") = "NetStatus.Android", "NetStatus.Android\NetStatus.Android.csproj", "{DA4D28C4-0652-4E1F-8E71-10504EF93F5C}"
EndProject
Project("{FAE04EC0-301F-11D3-BF4B-00C04F79EFBC}") = "NetStatus.iOS", "NetStatus.iOS\NetStatus.iOS.csproj", "{E613597B-D002-4BBD-A912-46838C20A799}"
EndProject
Project("{FAE04EC0-301F-11D3-BF4B-00C04F79EFBC}") = "NetStatus", "NetStatus\NetStatus.csproj", "{58E5B062-EF9C-4F4B-AD27-B66D0D3BAF28}"
EndProject
Global
	GlobalSection(SolutionConfigurationPlatforms) = preSolution
		Debug|Any CPU = Debug|Any CPU
		Release|Any CPU = Release|Any CPU
		Debug|iPhoneSimulator = Debug|iPhoneSimulator
		Release|iPhoneSimulator = Release|iPhoneSimulator
		Debug|iPhone = Debug|iPhone
		Release|iPhone = Release|iPhone
		Ad-Hoc|iPhone = Ad-Hoc|iPhone
		AppStore|iPhone = AppStore|iPhone
	EndGlobalSection
	GlobalSection(ProjectConfigurationPlatforms) = postSolution
		{DA4D28C4-0652-4E1F-8E71-10504EF93F5C}.Debug|Any CPU.ActiveCfg = Debug|Any CPU
		{DA4D28C4-0652-4E1F-8E71-10504EF93F5C}.Debug|Any CPU.Build.0 = Debug|Any CPU
		{DA4D28C4-0652-4E1F-8E71-10504EF93F5C}.Release|Any CPU.ActiveCfg = Release|Any CPU
		{DA4D28C4-0652-4E1F-8E71-10504EF93F5C}.Release|Any CPU.Build.0 = Release|Any CPU
		{DA4D28C4-0652-4E1F-8E71-10504EF93F5C}.Debug|iPhoneSimulator.ActiveCfg = Debug|Any CPU
		{DA4D28C4-0652-4E1F-8E71-10504EF93F5C}.Debug|iPhoneSimulator.Build.0 = Debug|Any CPU
		{DA4D28C4-0652-4E1F-8E71-10504EF93F5C}.Release|iPhoneSimulator.ActiveCfg = Release|Any CPU
		{DA4D28C4-0652-4E1F-8E71-10504EF93F5C}.Release|iPhoneSimulator.Build.0 = Release|Any CPU
		{DA4D28C4-0652-4E1F-8E71-10504EF93F5C}.Debug|iPhone.ActiveCfg = Debug|Any CPU
		{DA4D28C4-0652-4E1F-8E71-10504EF93F5C}.Debug|iPhone.Build.0 = Debug|Any CPU
		{DA4D28C4-0652-4E1F-8E71-10504EF93F5C}.Release|iPhone.ActiveCfg = Release|Any CPU
		{DA4D28C4-0652-4E1F-8E71-10504EF93F5C}.Release|iPhone.Build.0 = Release|Any CPU
		{DA4D28C4-0652-4E1F-8E71-10504EF93F5C}.Ad-Hoc|iPhone.ActiveCfg = Debug|Any CPU
		{DA4D28C4-0652-4E1F-8E71-10504EF93F5C}.Ad-Hoc|iPhone.Build.0 = Debug|Any CPU
		{DA4D28C4-0652-4E1F-8E71-10504EF93F5C}.AppStore|iPhone.ActiveCfg = Debug|Any CPU
		{DA4D28C4-0652-4E1F-8E71-10504EF93F5C}.AppStore|iPhone.Build.0 = Debug|Any CPU
		{E613597B-D002-4BBD-A912-46838C20A799}.Debug|Any CPU.ActiveCfg = Debug|iPhoneSimulator
		{E613597B-D002-4BBD-A912-46838C20A799}.Debug|Any CPU.Build.0 = Debug|iPhoneSimulator
		{E613597B-D002-4BBD-A912-46838C20A799}.Release|Any CPU.ActiveCfg = Release|iPhoneSimulator
		{E613597B-D002-4BBD-A912-46838C20A799}.Release|Any CPU.Build.0 = Release|iPhoneSimulator
		{E613597B-D002-4BBD-A912-46838C20A799}.Debug|iPhoneSimulator.ActiveCfg = Debug|iPhoneSimulator
		{E613597B-D002-4BBD-A912-46838C20A799}.Debug|iPhoneSimulator.Build.0 = Debug|iPhoneSimulator
		{E613597B-D002-4BBD-A912-46838C20A799}.Release|iPhoneSimulator.ActiveCfg = Release|iPhoneSimulator
		{E613597B-D002-4BBD-A912-46838C20A799}.Release|iPhoneSimulator.Build.0 = Release|iPhoneSimulator
		{E613597B-D002-4BBD-A912-46838C20A799}.Debug|iPhone.ActiveCfg = Debug|iPhone
		{E613597B-D002-4BBD-A912-46838C20A799}.Debug|iPhone.Build.0 = Debug|iPhone
		{E613597B-D002-4BBD-A912-46838C20A799}.Release|iPhone.ActiveCfg = Release|iPhone
		{E613597B-D002-4BBD-A912-46838C20A799}.Release|iPhone.Build.0 = Release|iPhone
		{E613597B-D002-4BBD-A912-46838C20A799}.Ad-Hoc|iPhone.ActiveCfg = Ad-Hoc|iPhone
		{E613597B-D002-4BBD-A912-46838C20A799}.Ad-Hoc|iPhone.Build.0 = Ad-Hoc|iPhone
		{E613597B-D002-4BBD-A912-46838C20A799}.AppStore|iPhone.ActiveCfg = AppStore|iPhone
		{E613597B-D002-4BBD-A912-46838C20A799}.AppStore|iPhone.Build.0 = AppStore|iPhone
		{58E5B062-EF9C-4F4B-AD27-B66D0D3BAF28}.Debug|Any CPU.ActiveCfg = Debug|Any CPU
		{58E5B062-EF9C-4F4B-AD27-B66D0D3BAF28}.Debug|Any CPU.Build.0 = Debug|Any CPU
		{58E5B062-EF9C-4F4B-AD27-B66D0D3BAF28}.Release|Any CPU.ActiveCfg = Release|Any CPU
		{58E5B062-EF9C-4F4B-AD27-B66D0D3BAF28}.Release|Any CPU.Build.0 = Release|Any CPU
		{58E5B062-EF9C-4F4B-AD27-B66D0D3BAF28}.Debug|iPhoneSimulator.ActiveCfg = Debug|Any CPU
		{58E5B062-EF9C-4F4B-AD27-B66D0D3BAF28}.Debug|iPhoneSimulator.Build.0 = Debug|Any CPU
		{58E5B062-EF9C-4F4B-AD27-B66D0D3BAF28}.Release|iPhoneSimulator.ActiveCfg = Release|Any CPU
		{58E5B062-EF9C-4F4B-AD27-B66D0D3BAF28}.Release|iPhoneSimulator.Build.0 = Release|Any CPU
		{58E5B062-EF9C-4F4B-AD27-B66D0D3BAF28}.Debug|iPhone.ActiveCfg = Debug|Any CPU
		{58E5B062-EF9C-4F4B-AD27-B66D0D3BAF28}.Debug|iPhone.Build.0 = Debug|Any CPU
		{58E5B062-EF9C-4F4B-AD27-B66D0D3BAF28}.Release|iPhone.ActiveCfg = Release|Any CPU
		{58E5B062-EF9C-4F4B-AD27-B66D0D3BAF28}.Release|iPhone.Build.0 = Release|Any CPU
		{58E5B062-EF9C-4F4B-AD27-B66D0D3BAF28}.Ad-Hoc|iPhone.ActiveCfg = Debug|Any CPU
		{58E5B062-EF9C-4F4B-AD27-B66D0D3BAF28}.Ad-Hoc|iPhone.Build.0 = Debug|Any CPU
		{58E5B062-EF9C-4F4B-AD27-B66D0D3BAF28}.AppStore|iPhone.ActiveCfg = Debug|Any CPU
		{58E5B062-EF9C-4F4B-AD27-B66D0D3BAF28}.AppStore|iPhone.Build.0 = Debug|Any CPU
	EndGlobalSection
EndGlobal
